
Microsoft Visual Studio Solution File, Format Version 12.00
# Visual Studio 2012
Project("{FAE04EC0-301F-11D3-BF4B-00C04F79EFBC}") = "Cliffy.Web", "..\Cliffy.Framework\Cliffy.Web\Cliffy.Web.csproj", "{DF54C282-A6A8-42B5-8E71-4F974ED83159}"
EndProject
Project("{FAE04EC0-301F-11D3-BF4B-00C04F79EFBC}") = "Cliffy.Common", "..\Cliffy.Framework\Cliffy.Common\Cliffy.Common.csproj", "{365B98C5-3041-46F9-BFCF-39FCA7F367B3}"
EndProject
Project("{FAE04EC0-301F-11D3-BF4B-00C04F79EFBC}") = "CliffordCornerMvc", "CliffordCornerMvc\CliffordCornerMvc.csproj", "{F875E88C-B20C-468C-9BD5-B55FFF50942D}"
EndProject
Project("{FAE04EC0-301F-11D3-BF4B-00C04F79EFBC}") = "Cliffy.Web.Tests", "..\Cliffy.Framework\Cliffy.Web.Tests\Cliffy.Web.Tests.csproj", "{2356A8D7-92D9-407B-A326-FC02EDD17C31}"
EndProject
Project("{2150E333-8FDC-42A3-9474-1A3956D46DE8}") = "Solution Items", "Solution Items", "{462D0307-A536-4B10-951F-0C99FC5C24A6}"
	ProjectSection(SolutionItems) = preProject
		CliffordCorner.vsmdi = CliffordCorner.vsmdi
		Local.testsettings = Local.testsettings
		TraceAndTestImpact.testsettings = TraceAndTestImpact.testsettings
	EndProjectSection
EndProject
Project("{FAE04EC0-301F-11D3-BF4B-00C04F79EFBC}") = "Cliffy.FlickrMongoSync", "..\Console.Apps\Cliffy.FlickrMongoSync\Cliffy.FlickrMongoSync.csproj", "{523F97C5-55E9-42A6-AC29-6D4B1FB765D1}"
EndProject
Project("{2150E333-8FDC-42A3-9474-1A3956D46DE8}") = ".nuget", ".nuget", "{F7996DC6-5323-45B7-BB1A-C17C9788EC54}"
	ProjectSection(SolutionItems) = preProject
		.nuget\NuGet.config = .nuget\NuGet.config
		.nuget\NuGet.targets = .nuget\NuGet.targets
		.nuget\packages.config = .nuget\packages.config
	EndProjectSection
EndProject
Global
	GlobalSection(TestCaseManagementSettings) = postSolution
		CategoryFile = CliffordCorner.vsmdi
	EndGlobalSection
	GlobalSection(SolutionConfigurationPlatforms) = preSolution
		Debug|Any CPU = Debug|Any CPU
		Release|Any CPU = Release|Any CPU
	EndGlobalSection
	GlobalSection(ProjectConfigurationPlatforms) = postSolution
		{DF54C282-A6A8-42B5-8E71-4F974ED83159}.Debug|Any CPU.ActiveCfg = Debug|Any CPU
		{DF54C282-A6A8-42B5-8E71-4F974ED83159}.Debug|Any CPU.Build.0 = Debug|Any CPU
		{DF54C282-A6A8-42B5-8E71-4F974ED83159}.Release|Any CPU.ActiveCfg = Release|Any CPU
		{DF54C282-A6A8-42B5-8E71-4F974ED83159}.Release|Any CPU.Build.0 = Release|Any CPU
		{365B98C5-3041-46F9-BFCF-39FCA7F367B3}.Debug|Any CPU.ActiveCfg = Debug|Any CPU
		{365B98C5-3041-46F9-BFCF-39FCA7F367B3}.Debug|Any CPU.Build.0 = Debug|Any CPU
		{365B98C5-3041-46F9-BFCF-39FCA7F367B3}.Release|Any CPU.ActiveCfg = Release|Any CPU
		{365B98C5-3041-46F9-BFCF-39FCA7F367B3}.Release|Any CPU.Build.0 = Release|Any CPU
		{F875E88C-B20C-468C-9BD5-B55FFF50942D}.Debug|Any CPU.ActiveCfg = Debug|Any CPU
		{F875E88C-B20C-468C-9BD5-B55FFF50942D}.Debug|Any CPU.Build.0 = Debug|Any CPU
		{F875E88C-B20C-468C-9BD5-B55FFF50942D}.Release|Any CPU.ActiveCfg = Release|Any CPU
		{F875E88C-B20C-468C-9BD5-B55FFF50942D}.Release|Any CPU.Build.0 = Release|Any CPU
		{2356A8D7-92D9-407B-A326-FC02EDD17C31}.Debug|Any CPU.ActiveCfg = Debug|Any CPU
		{2356A8D7-92D9-407B-A326-FC02EDD17C31}.Debug|Any CPU.Build.0 = Debug|Any CPU
		{2356A8D7-92D9-407B-A326-FC02EDD17C31}.Release|Any CPU.ActiveCfg = Release|Any CPU
		{2356A8D7-92D9-407B-A326-FC02EDD17C31}.Release|Any CPU.Build.0 = Release|Any CPU
		{523F97C5-55E9-42A6-AC29-6D4B1FB765D1}.Debug|Any CPU.ActiveCfg = Debug|Any CPU
		{523F97C5-55E9-42A6-AC29-6D4B1FB765D1}.Debug|Any CPU.Build.0 = Debug|Any CPU
		{523F97C5-55E9-42A6-AC29-6D4B1FB765D1}.Release|Any CPU.ActiveCfg = Release|Any CPU
		{523F97C5-55E9-42A6-AC29-6D4B1FB765D1}.Release|Any CPU.Build.0 = Release|Any CPU
	EndGlobalSection
	GlobalSection(SolutionProperties) = preSolution
		HideSolutionNode = FALSE
	EndGlobalSection
	GlobalSection(Performance) = preSolution
		HasPerformanceSessions = true
	EndGlobalSection
EndGlobal
